
Microsoft Visual Studio Solution File, Format Version 12.00
# Visual Studio 14
VisualStudioVersion = 14.0.24720.0
MinimumVisualStudioVersion = 10.0.40219.1
Project("{FAE04EC0-301F-11D3-BF4B-00C04F79EFBC}") = "Hull speed - del 1", "Hull speed - del 1\Hull speed - del 1.csproj", "{0C8D54C1-9D1F-4B13-A6A8-62D2C2EC20F4}"
EndProject
Project("{2150E333-8FDC-42A3-9474-1A3956D46DE8}") = "Solution Items", "Solution Items", "{5BA76431-9658-4A65-86AF-4F6EFFB2CDD6}"
	ProjectSection(SolutionItems) = preProject
		Hull speed - del 1\03-Sailboat.jpg = Hull speed - del 1\03-Sailboat.jpg
	EndProjectSection
EndProject
Global
	GlobalSection(SolutionConfigurationPlatforms) = preSolution
		Debug|Any CPU = Debug|Any CPU
		Release|Any CPU = Release|Any CPU
	EndGlobalSection
	GlobalSection(ProjectConfigurationPlatforms) = postSolution
		{0C8D54C1-9D1F-4B13-A6A8-62D2C2EC20F4}.Debug|Any CPU.ActiveCfg = Debug|Any CPU
		{0C8D54C1-9D1F-4B13-A6A8-62D2C2EC20F4}.Debug|Any CPU.Build.0 = Debug|Any CPU
		{0C8D54C1-9D1F-4B13-A6A8-62D2C2EC20F4}.Release|Any CPU.ActiveCfg = Release|Any CPU
		{0C8D54C1-9D1F-4B13-A6A8-62D2C2EC20F4}.Release|Any CPU.Build.0 = Release|Any CPU
	EndGlobalSection
	GlobalSection(SolutionProperties) = preSolution
		HideSolutionNode = FALSE
	EndGlobalSection
EndGlobal
