
Microsoft Visual Studio Solution File, Format Version 12.00
# Visual Studio 14
VisualStudioVersion = 14.0.24720.0
MinimumVisualStudioVersion = 10.0.40219.1
Project("{FAE04EC0-301F-11D3-BF4B-00C04F79EFBC}") = "05 - Baby names", "05 - Baby names\05 - Baby names.csproj", "{DC52A35F-EA42-4729-BF18-CDA28D4B6A1B}"
EndProject
Project("{2150E333-8FDC-42A3-9474-1A3956D46DE8}") = "Solution Items", "Solution Items", "{440EF394-0F43-4E9D-B674-3ADBD99C0C5F}"
	ProjectSection(SolutionItems) = preProject
		05-babynames.txt = 05-babynames.txt
	EndProjectSection
EndProject
Global
	GlobalSection(SolutionConfigurationPlatforms) = preSolution
		Debug|Any CPU = Debug|Any CPU
		Release|Any CPU = Release|Any CPU
	EndGlobalSection
	GlobalSection(ProjectConfigurationPlatforms) = postSolution
		{DC52A35F-EA42-4729-BF18-CDA28D4B6A1B}.Debug|Any CPU.ActiveCfg = Debug|Any CPU
		{DC52A35F-EA42-4729-BF18-CDA28D4B6A1B}.Debug|Any CPU.Build.0 = Debug|Any CPU
		{DC52A35F-EA42-4729-BF18-CDA28D4B6A1B}.Release|Any CPU.ActiveCfg = Release|Any CPU
		{DC52A35F-EA42-4729-BF18-CDA28D4B6A1B}.Release|Any CPU.Build.0 = Release|Any CPU
	EndGlobalSection
	GlobalSection(SolutionProperties) = preSolution
		HideSolutionNode = FALSE
	EndGlobalSection
EndGlobal
